
Microsoft Visual Studio Solution File, Format Version 12.00
# Visual Studio Version 16
VisualStudioVersion = 16.0.32228.343
MinimumVisualStudioVersion = 10.0.40219.1
Project("{FAE04EC0-301F-11D3-BF4B-00C04F79EFBC}") = "ListsCsharp", "ListsCsharp\ListsCsharp.csproj", "{0F7C5012-755E-4C37-A7B9-102866EE4FFD}"
EndProject
Global
	GlobalSection(SolutionConfigurationPlatforms) = preSolution
		Debug|Any CPU = Debug|Any CPU
		Release|Any CPU = Release|Any CPU
	EndGlobalSection
	GlobalSection(ProjectConfigurationPlatforms) = postSolution
		{0F7C5012-755E-4C37-A7B9-102866EE4FFD}.Debug|Any CPU.ActiveCfg = Debug|Any CPU
		{0F7C5012-755E-4C37-A7B9-102866EE4FFD}.Debug|Any CPU.Build.0 = Debug|Any CPU
		{0F7C5012-755E-4C37-A7B9-102866EE4FFD}.Release|Any CPU.ActiveCfg = Release|Any CPU
		{0F7C5012-755E-4C37-A7B9-102866EE4FFD}.Release|Any CPU.Build.0 = Release|Any CPU
	EndGlobalSection
	GlobalSection(SolutionProperties) = preSolution
		HideSolutionNode = FALSE
	EndGlobalSection
	GlobalSection(ExtensibilityGlobals) = postSolution
		SolutionGuid = {3126C876-7010-44EA-B1E7-E0DFBB1DDC68}
	EndGlobalSection
EndGlobal
